
Microsoft Visual Studio Solution File, Format Version 12.00
# Visual Studio Version 17
VisualStudioVersion = 17.14.36518.9 d17.14
MinimumVisualStudioVersion = 10.0.40219.1
Project("{FAE04EC0-301F-11D3-BF4B-00C04F79EFBC}") = "BTH08", "BTH08.csproj", "{855B8295-71BF-4AC0-9EEA-5F79C796B991}"
EndProject
Global
	GlobalSection(SolutionConfigurationPlatforms) = preSolution
		Debug|Any CPU = Debug|Any CPU
		Release|Any CPU = Release|Any CPU
	EndGlobalSection
	GlobalSection(ProjectConfigurationPlatforms) = postSolution
		{855B8295-71BF-4AC0-9EEA-5F79C796B991}.Debug|Any CPU.ActiveCfg = Debug|Any CPU
		{855B8295-71BF-4AC0-9EEA-5F79C796B991}.Debug|Any CPU.Build.0 = Debug|Any CPU
		{855B8295-71BF-4AC0-9EEA-5F79C796B991}.Release|Any CPU.ActiveCfg = Release|Any CPU
		{855B8295-71BF-4AC0-9EEA-5F79C796B991}.Release|Any CPU.Build.0 = Release|Any CPU
	EndGlobalSection
	GlobalSection(SolutionProperties) = preSolution
		HideSolutionNode = FALSE
	EndGlobalSection
	GlobalSection(ExtensibilityGlobals) = postSolution
		SolutionGuid = {24CBAD98-674A-446C-90C2-F400CD206C1C}
	EndGlobalSection
EndGlobal
